
Microsoft Visual Studio Solution File, Format Version 12.00
# Visual Studio Version 17
VisualStudioVersion = 17.12.35707.178 d17.12
MinimumVisualStudioVersion = 10.0.40219.1
Project("{FAE04EC0-301F-11D3-BF4B-00C04F79EFBC}") = "PullYourLuck", "PullYourLuck.csproj", "{B53CC834-E6F9-4C9C-BE96-E0F6F9317FF1}"
EndProject
Project("{FAE04EC0-301F-11D3-BF4B-00C04F79EFBC}") = "Tests", "Tests\Tests.csproj", "{2BFE62F2-FE69-45C8-A1CC-F0029A838B71}"
EndProject
Global
	GlobalSection(SolutionConfigurationPlatforms) = preSolution
		Debug|Any CPU = Debug|Any CPU
		Release|Any CPU = Release|Any CPU
	EndGlobalSection
	GlobalSection(ProjectConfigurationPlatforms) = postSolution
		{B53CC834-E6F9-4C9C-BE96-E0F6F9317FF1}.Debug|Any CPU.ActiveCfg = Debug|Any CPU
		{B53CC834-E6F9-4C9C-BE96-E0F6F9317FF1}.Debug|Any CPU.Build.0 = Debug|Any CPU
		{B53CC834-E6F9-4C9C-BE96-E0F6F9317FF1}.Release|Any CPU.ActiveCfg = Release|Any CPU
		{B53CC834-E6F9-4C9C-BE96-E0F6F9317FF1}.Release|Any CPU.Build.0 = Release|Any CPU
		{2BFE62F2-FE69-45C8-A1CC-F0029A838B71}.Debug|Any CPU.ActiveCfg = Debug|Any CPU
		{2BFE62F2-FE69-45C8-A1CC-F0029A838B71}.Debug|Any CPU.Build.0 = Debug|Any CPU
		{2BFE62F2-FE69-45C8-A1CC-F0029A838B71}.Release|Any CPU.ActiveCfg = Release|Any CPU
		{2BFE62F2-FE69-45C8-A1CC-F0029A838B71}.Release|Any CPU.Build.0 = Release|Any CPU
	EndGlobalSection
	GlobalSection(SolutionProperties) = preSolution
		HideSolutionNode = FALSE
	EndGlobalSection
EndGlobal
